{
    "_readme": [
        "This file locks the dependencies of your project to a known state",
        "Read more about it at http://getcomposer.org/doc/01-basic-usage.md#composer-lock-the-lock-file",
        "This file is @generated automatically"
    ],
    "hash": "15c136b1e40b1d1f3bf3d5286cc94dcc",
    "packages": [
        {
            "name": "composer/installers",
            "version": "dev-master",
            "source": {
                "type": "git",
                "url": "https://github.com/composer/installers.git",
                "reference": "e420b539e8d7b38b7c6f3f99dccc0386bd3dfe41"
            },
            "dist": {
                "type": "zip",
                "url": "https://api.github.com/repos/composer/installers/zipball/e420b539e8d7b38b7c6f3f99dccc0386bd3dfe41",
                "reference": "e420b539e8d7b38b7c6f3f99dccc0386bd3dfe41",
                "shasum": ""
            },
            "replace": {
                "roundcube/plugin-installer": "*",
                "shama/baton": "*"
            },
            "require-dev": {
                "composer/composer": "1.0.*@dev",
                "phpunit/phpunit": "4.1.*"
            },
            "type": "composer-installer",
            "extra": {
                "class": "Composer\\Installers\\Installer",
                "branch-alias": {
                    "dev-master": "1.0-dev"
                }
            },
            "autoload": {
                "psr-0": {
                    "Composer\\Installers\\": "src/"
                }
            },
            "notification-url": "https://packagist.org/downloads/",
            "license": [
                "MIT"
            ],
            "authors": [
                {
                    "name": "Kyle Robinson Young",
                    "email": "kyle@dontkry.com",
                    "homepage": "https://github.com/shama"
                }
            ],
            "description": "A multi-framework Composer library installer",
            "homepage": "http://composer.github.com/installers/",
            "keywords": [
                "Craft",
                "Dolibarr",
                "Hurad",
                "MODX Evo",
                "OXID",
                "SMF",
                "Thelia",
                "WolfCMS",
                "agl",
                "aimeos",
                "annotatecms",
                "bitrix",
                "cakephp",
                "chef",
                "codeigniter",
                "concrete5",
                "croogo",
                "dokuwiki",
                "drupal",
                "elgg",
                "fuelphp",
                "grav",
                "installer",
                "joomla",
                "kohana",
                "laravel",
                "lithium",
                "magento",
                "mako",
                "mediawiki",
                "modulework",
                "moodle",
                "phpbb",
                "piwik",
                "ppi",
                "puppet",
                "roundcube",
                "shopware",
                "silverstripe",
                "symfony",
                "typo3",
                "wordpress",
                "zend",
                "zikula"
            ],
            "time": "2015-06-13 15:30:38"
        },
        {
            "name": "mediawiki/anti-spoof",
            "version": "dev-master",
            "source": {
                "type": "git",
                "url": "https://github.com/wikimedia/mediawiki-extensions-AntiSpoof.git",
                "reference": "a64a7d25727e11cde1cacfad889f4ea83c15dbdf"
            },
            "dist": {
                "type": "zip",
                "url": "https://api.github.com/repos/wikimedia/mediawiki-extensions-AntiSpoof/zipball/a64a7d25727e11cde1cacfad889f4ea83c15dbdf",
                "reference": "a64a7d25727e11cde1cacfad889f4ea83c15dbdf",
                "shasum": ""
            },
            "require": {
                "composer/installers": "*"
            },
            "type": "mediawiki-extension",
            "notification-url": "https://packagist.org/downloads/",
            "license": [
                "GPL-2.0+"
            ],
            "description": "The  AntiSpoof extension is an extension for preventing confusable usernames from being created. It blocks the creation of accounts with mixed-script, confusing and similar usernames.",
            "homepage": "https://www.mediawiki.org/wiki/Extension:AntiSpoof",
            "time": "2015-06-06 20:12:13"
        }
    ],
    "packages-dev": [],
    "aliases": [],
    "minimum-stability": "stable",
    "stability-flags": {
        "composer/installers": 20,
        "mediawiki/anti-spoof": 20
    },
    "prefer-stable": false,
    "prefer-lowest": false,
    "platform": [],
    "platform-dev": []
}
